
Microsoft Visual Studio Solution File, Format Version 12.00
# Visual Studio Version 17
VisualStudioVersion = 17.9.34622.214
MinimumVisualStudioVersion = 10.0.40219.1
Project("{FAE04EC0-301F-11D3-BF4B-00C04F79EFBC}") = "WpfApp1", "WpfApp1\WpfApp1.csproj", "{C9209272-4349-42F3-BB6C-559C661A230B}"
EndProject
Global
	GlobalSection(SolutionConfigurationPlatforms) = preSolution
		Debug|Any CPU = Debug|Any CPU
		Release|Any CPU = Release|Any CPU
	EndGlobalSection
	GlobalSection(ProjectConfigurationPlatforms) = postSolution
		{C9209272-4349-42F3-BB6C-559C661A230B}.Debug|Any CPU.ActiveCfg = Debug|Any CPU
		{C9209272-4349-42F3-BB6C-559C661A230B}.Debug|Any CPU.Build.0 = Debug|Any CPU
		{C9209272-4349-42F3-BB6C-559C661A230B}.Release|Any CPU.ActiveCfg = Release|Any CPU
		{C9209272-4349-42F3-BB6C-559C661A230B}.Release|Any CPU.Build.0 = Release|Any CPU
	EndGlobalSection
	GlobalSection(SolutionProperties) = preSolution
		HideSolutionNode = FALSE
	EndGlobalSection
	GlobalSection(ExtensibilityGlobals) = postSolution
		SolutionGuid = {9324D4E2-6F9F-45BA-835D-E017B53A3396}
	EndGlobalSection
EndGlobal
