
Microsoft Visual Studio Solution File, Format Version 12.00
# Visual Studio Version 17
VisualStudioVersion = 17.8.34525.116
MinimumVisualStudioVersion = 10.0.40219.1
Project("{FAE04EC0-301F-11D3-BF4B-00C04F79EFBC}") = "WinFormsApp1", "WinFormsApp1.csproj", "{13A173B9-75CB-46A9-A150-E826E300EF4F}"
EndProject
Global
	GlobalSection(SolutionConfigurationPlatforms) = preSolution
		Debug|Any CPU = Debug|Any CPU
		Release|Any CPU = Release|Any CPU
	EndGlobalSection
	GlobalSection(ProjectConfigurationPlatforms) = postSolution
		{13A173B9-75CB-46A9-A150-E826E300EF4F}.Debug|Any CPU.ActiveCfg = Debug|Any CPU
		{13A173B9-75CB-46A9-A150-E826E300EF4F}.Debug|Any CPU.Build.0 = Debug|Any CPU
		{13A173B9-75CB-46A9-A150-E826E300EF4F}.Release|Any CPU.ActiveCfg = Release|Any CPU
		{13A173B9-75CB-46A9-A150-E826E300EF4F}.Release|Any CPU.Build.0 = Release|Any CPU
	EndGlobalSection
	GlobalSection(SolutionProperties) = preSolution
		HideSolutionNode = FALSE
	EndGlobalSection
	GlobalSection(ExtensibilityGlobals) = postSolution
		SolutionGuid = {144BC9B0-99BC-4D13-85BE-D28D6F3519E4}
	EndGlobalSection
EndGlobal
